
Microsoft Visual Studio Solution File, Format Version 12.00
# Visual Studio Version 17
VisualStudioVersion = 17.12.35527.113 d17.12
MinimumVisualStudioVersion = 10.0.40219.1
Project("{FAE04EC0-301F-11D3-BF4B-00C04F79EFBC}") = "ConsoleApp", "ConsoleApp\ConsoleApp.csproj", "{D6A4DFE5-31E7-41C0-A4D1-B7E1F86563F6}"
EndProject
Project("{FAE04EC0-301F-11D3-BF4B-00C04F79EFBC}") = "baitap2", "baitap2\baitap2.csproj", "{D0A7A133-E2A7-4D8F-A3B6-8553547C1623}"
EndProject
Global
	GlobalSection(SolutionConfigurationPlatforms) = preSolution
		Debug|Any CPU = Debug|Any CPU
		Release|Any CPU = Release|Any CPU
	EndGlobalSection
	GlobalSection(ProjectConfigurationPlatforms) = postSolution
		{D6A4DFE5-31E7-41C0-A4D1-B7E1F86563F6}.Debug|Any CPU.ActiveCfg = Debug|Any CPU
		{D6A4DFE5-31E7-41C0-A4D1-B7E1F86563F6}.Debug|Any CPU.Build.0 = Debug|Any CPU
		{D6A4DFE5-31E7-41C0-A4D1-B7E1F86563F6}.Release|Any CPU.ActiveCfg = Release|Any CPU
		{D6A4DFE5-31E7-41C0-A4D1-B7E1F86563F6}.Release|Any CPU.Build.0 = Release|Any CPU
		{D0A7A133-E2A7-4D8F-A3B6-8553547C1623}.Debug|Any CPU.ActiveCfg = Debug|Any CPU
		{D0A7A133-E2A7-4D8F-A3B6-8553547C1623}.Debug|Any CPU.Build.0 = Debug|Any CPU
		{D0A7A133-E2A7-4D8F-A3B6-8553547C1623}.Release|Any CPU.ActiveCfg = Release|Any CPU
		{D0A7A133-E2A7-4D8F-A3B6-8553547C1623}.Release|Any CPU.Build.0 = Release|Any CPU
	EndGlobalSection
	GlobalSection(SolutionProperties) = preSolution
		HideSolutionNode = FALSE
	EndGlobalSection
EndGlobal
